
Microsoft Visual Studio Solution File, Format Version 12.00
# Visual Studio Version 16
VisualStudioVersion = 16.0.29728.190
MinimumVisualStudioVersion = 10.0.40219.1
Project("{9A19103F-16F7-4668-BE54-9A1E7A4F7556}") = "Core", "Microsoft.AspNetCore.Mvc\Core.csproj", "{7954A09B-9ED2-44F0-80DC-76C58F6D3FE5}"
EndProject
Project("{FAE04EC0-301F-11D3-BF4B-00C04F79EFBC}") = "TestApp", "TestApp\TestApp.csproj", "{A9C76ADB-2F99-4851-A6D8-52C4760337FD}"
EndProject
Global
	GlobalSection(SolutionConfigurationPlatforms) = preSolution
		Debug|Any CPU = Debug|Any CPU
		Release|Any CPU = Release|Any CPU
	EndGlobalSection
	GlobalSection(ProjectConfigurationPlatforms) = postSolution
		{7954A09B-9ED2-44F0-80DC-76C58F6D3FE5}.Debug|Any CPU.ActiveCfg = Debug|Any CPU
		{7954A09B-9ED2-44F0-80DC-76C58F6D3FE5}.Debug|Any CPU.Build.0 = Debug|Any CPU
		{7954A09B-9ED2-44F0-80DC-76C58F6D3FE5}.Release|Any CPU.ActiveCfg = Release|Any CPU
		{7954A09B-9ED2-44F0-80DC-76C58F6D3FE5}.Release|Any CPU.Build.0 = Release|Any CPU
		{A9C76ADB-2F99-4851-A6D8-52C4760337FD}.Debug|Any CPU.ActiveCfg = Debug|Any CPU
		{A9C76ADB-2F99-4851-A6D8-52C4760337FD}.Debug|Any CPU.Build.0 = Debug|Any CPU
		{A9C76ADB-2F99-4851-A6D8-52C4760337FD}.Release|Any CPU.ActiveCfg = Release|Any CPU
		{A9C76ADB-2F99-4851-A6D8-52C4760337FD}.Release|Any CPU.Build.0 = Release|Any CPU
	EndGlobalSection
	GlobalSection(SolutionProperties) = preSolution
		HideSolutionNode = FALSE
	EndGlobalSection
	GlobalSection(ExtensibilityGlobals) = postSolution
		SolutionGuid = {8A05F65E-D2E7-4B2C-9699-0330C20250CC}
	EndGlobalSection
EndGlobal
