
Microsoft Visual Studio Solution File, Format Version 12.00
# Visual Studio Version 16
VisualStudioVersion = 16.0.29613.14
MinimumVisualStudioVersion = 15.0.26124.0
Project("{9A19103F-16F7-4668-BE54-9A1E7A4F7556}") = "Generators", "Generators\Generators.csproj", "{D267CE94-C333-4717-B964-A7DCA9304261}"
EndProject
Project("{9A19103F-16F7-4668-BE54-9A1E7A4F7556}") = "StaticTests", "StaticTests\StaticTests.csproj", "{0D2BD227-D92C-4F23-8D05-C862B874A59D}"
	ProjectSection(ProjectDependencies) = postProject
		{D267CE94-C333-4717-B964-A7DCA9304261} = {D267CE94-C333-4717-B964-A7DCA9304261}
	EndProjectSection
EndProject
Project("{2150E333-8FDC-42A3-9474-1A3956D46DE8}") = "Solution Items", "Solution Items", "{B57438A4-0950-406D-95D5-8CA48B59AA71}"
	ProjectSection(SolutionItems) = preProject
		.editorconfig = .editorconfig
		..\..\CHANGELOG.md = ..\..\CHANGELOG.md
		Directory.Build.props = Directory.Build.props
		Directory.Build.targets = Directory.Build.targets
		global.json = global.json
		Packages.props = Packages.props
		..\..\Readme.md = ..\..\Readme.md
	EndProjectSection
EndProject
Project("{9A19103F-16F7-4668-BE54-9A1E7A4F7556}") = "Generator.Templates.AspNetCore", "Generator.Templates.AspNetCore\Generator.Templates.AspNetCore.csproj", "{1EAA0057-2B19-42FC-A4BC-D18290063F08}"
EndProject
Project("{9A19103F-16F7-4668-BE54-9A1E7A4F7556}") = "Generator.Templates.AspNetCore.Tests", "Generator.Templates.AspNetCore.Tests\Generator.Templates.AspNetCore.Tests.csproj", "{BC2A09FA-6D89-485B-987C-4D8661ADCCD5}"
EndProject
Project("{9A19103F-16F7-4668-BE54-9A1E7A4F7556}") = "Meta", "Meta\Meta.csproj", "{E0973E9B-C064-4A5E-95E4-B2189C309426}"
EndProject
Project("{9A19103F-16F7-4668-BE54-9A1E7A4F7556}") = "Attributes", "Attributes\Attributes.csproj", "{9A585685-B62D-4AFB-9055-2AD0F2C68398}"
EndProject
Global
	GlobalSection(SolutionConfigurationPlatforms) = preSolution
		Debug|Any CPU = Debug|Any CPU
		Debug|x64 = Debug|x64
		Debug|x86 = Debug|x86
		Release|Any CPU = Release|Any CPU
		Release|x64 = Release|x64
		Release|x86 = Release|x86
	EndGlobalSection
	GlobalSection(ProjectConfigurationPlatforms) = postSolution
		{D267CE94-C333-4717-B964-A7DCA9304261}.Debug|Any CPU.ActiveCfg = Debug|Any CPU
		{D267CE94-C333-4717-B964-A7DCA9304261}.Debug|Any CPU.Build.0 = Debug|Any CPU
		{D267CE94-C333-4717-B964-A7DCA9304261}.Debug|x64.ActiveCfg = Debug|Any CPU
		{D267CE94-C333-4717-B964-A7DCA9304261}.Debug|x64.Build.0 = Debug|Any CPU
		{D267CE94-C333-4717-B964-A7DCA9304261}.Debug|x86.ActiveCfg = Debug|Any CPU
		{D267CE94-C333-4717-B964-A7DCA9304261}.Debug|x86.Build.0 = Debug|Any CPU
		{D267CE94-C333-4717-B964-A7DCA9304261}.Release|Any CPU.ActiveCfg = Release|Any CPU
		{D267CE94-C333-4717-B964-A7DCA9304261}.Release|Any CPU.Build.0 = Release|Any CPU
		{D267CE94-C333-4717-B964-A7DCA9304261}.Release|x64.ActiveCfg = Release|Any CPU
		{D267CE94-C333-4717-B964-A7DCA9304261}.Release|x64.Build.0 = Release|Any CPU
		{D267CE94-C333-4717-B964-A7DCA9304261}.Release|x86.ActiveCfg = Release|Any CPU
		{D267CE94-C333-4717-B964-A7DCA9304261}.Release|x86.Build.0 = Release|Any CPU
		{0D2BD227-D92C-4F23-8D05-C862B874A59D}.Debug|Any CPU.ActiveCfg = Debug|Any CPU
		{0D2BD227-D92C-4F23-8D05-C862B874A59D}.Debug|Any CPU.Build.0 = Debug|Any CPU
		{0D2BD227-D92C-4F23-8D05-C862B874A59D}.Debug|x64.ActiveCfg = Debug|Any CPU
		{0D2BD227-D92C-4F23-8D05-C862B874A59D}.Debug|x64.Build.0 = Debug|Any CPU
		{0D2BD227-D92C-4F23-8D05-C862B874A59D}.Debug|x86.ActiveCfg = Debug|Any CPU
		{0D2BD227-D92C-4F23-8D05-C862B874A59D}.Debug|x86.Build.0 = Debug|Any CPU
		{0D2BD227-D92C-4F23-8D05-C862B874A59D}.Release|Any CPU.ActiveCfg = Release|Any CPU
		{0D2BD227-D92C-4F23-8D05-C862B874A59D}.Release|Any CPU.Build.0 = Release|Any CPU
		{0D2BD227-D92C-4F23-8D05-C862B874A59D}.Release|x64.ActiveCfg = Release|Any CPU
		{0D2BD227-D92C-4F23-8D05-C862B874A59D}.Release|x64.Build.0 = Release|Any CPU
		{0D2BD227-D92C-4F23-8D05-C862B874A59D}.Release|x86.ActiveCfg = Release|Any CPU
		{0D2BD227-D92C-4F23-8D05-C862B874A59D}.Release|x86.Build.0 = Release|Any CPU
		{1EAA0057-2B19-42FC-A4BC-D18290063F08}.Debug|Any CPU.ActiveCfg = Debug|Any CPU
		{1EAA0057-2B19-42FC-A4BC-D18290063F08}.Debug|Any CPU.Build.0 = Debug|Any CPU
		{1EAA0057-2B19-42FC-A4BC-D18290063F08}.Debug|x64.ActiveCfg = Debug|Any CPU
		{1EAA0057-2B19-42FC-A4BC-D18290063F08}.Debug|x64.Build.0 = Debug|Any CPU
		{1EAA0057-2B19-42FC-A4BC-D18290063F08}.Debug|x86.ActiveCfg = Debug|Any CPU
		{1EAA0057-2B19-42FC-A4BC-D18290063F08}.Debug|x86.Build.0 = Debug|Any CPU
		{1EAA0057-2B19-42FC-A4BC-D18290063F08}.Release|Any CPU.ActiveCfg = Release|Any CPU
		{1EAA0057-2B19-42FC-A4BC-D18290063F08}.Release|Any CPU.Build.0 = Release|Any CPU
		{1EAA0057-2B19-42FC-A4BC-D18290063F08}.Release|x64.ActiveCfg = Release|Any CPU
		{1EAA0057-2B19-42FC-A4BC-D18290063F08}.Release|x64.Build.0 = Release|Any CPU
		{1EAA0057-2B19-42FC-A4BC-D18290063F08}.Release|x86.ActiveCfg = Release|Any CPU
		{1EAA0057-2B19-42FC-A4BC-D18290063F08}.Release|x86.Build.0 = Release|Any CPU
		{BC2A09FA-6D89-485B-987C-4D8661ADCCD5}.Debug|Any CPU.ActiveCfg = Debug|Any CPU
		{BC2A09FA-6D89-485B-987C-4D8661ADCCD5}.Debug|Any CPU.Build.0 = Debug|Any CPU
		{BC2A09FA-6D89-485B-987C-4D8661ADCCD5}.Debug|x64.ActiveCfg = Debug|Any CPU
		{BC2A09FA-6D89-485B-987C-4D8661ADCCD5}.Debug|x64.Build.0 = Debug|Any CPU
		{BC2A09FA-6D89-485B-987C-4D8661ADCCD5}.Debug|x86.ActiveCfg = Debug|Any CPU
		{BC2A09FA-6D89-485B-987C-4D8661ADCCD5}.Debug|x86.Build.0 = Debug|Any CPU
		{BC2A09FA-6D89-485B-987C-4D8661ADCCD5}.Release|Any CPU.ActiveCfg = Release|Any CPU
		{BC2A09FA-6D89-485B-987C-4D8661ADCCD5}.Release|Any CPU.Build.0 = Release|Any CPU
		{BC2A09FA-6D89-485B-987C-4D8661ADCCD5}.Release|x64.ActiveCfg = Release|Any CPU
		{BC2A09FA-6D89-485B-987C-4D8661ADCCD5}.Release|x64.Build.0 = Release|Any CPU
		{BC2A09FA-6D89-485B-987C-4D8661ADCCD5}.Release|x86.ActiveCfg = Release|Any CPU
		{BC2A09FA-6D89-485B-987C-4D8661ADCCD5}.Release|x86.Build.0 = Release|Any CPU
		{E0973E9B-C064-4A5E-95E4-B2189C309426}.Debug|Any CPU.ActiveCfg = Debug|Any CPU
		{E0973E9B-C064-4A5E-95E4-B2189C309426}.Debug|Any CPU.Build.0 = Debug|Any CPU
		{E0973E9B-C064-4A5E-95E4-B2189C309426}.Debug|x64.ActiveCfg = Debug|Any CPU
		{E0973E9B-C064-4A5E-95E4-B2189C309426}.Debug|x64.Build.0 = Debug|Any CPU
		{E0973E9B-C064-4A5E-95E4-B2189C309426}.Debug|x86.ActiveCfg = Debug|Any CPU
		{E0973E9B-C064-4A5E-95E4-B2189C309426}.Debug|x86.Build.0 = Debug|Any CPU
		{E0973E9B-C064-4A5E-95E4-B2189C309426}.Release|Any CPU.ActiveCfg = Release|Any CPU
		{E0973E9B-C064-4A5E-95E4-B2189C309426}.Release|Any CPU.Build.0 = Release|Any CPU
		{E0973E9B-C064-4A5E-95E4-B2189C309426}.Release|x64.ActiveCfg = Release|Any CPU
		{E0973E9B-C064-4A5E-95E4-B2189C309426}.Release|x64.Build.0 = Release|Any CPU
		{E0973E9B-C064-4A5E-95E4-B2189C309426}.Release|x86.ActiveCfg = Release|Any CPU
		{E0973E9B-C064-4A5E-95E4-B2189C309426}.Release|x86.Build.0 = Release|Any CPU
		{9A585685-B62D-4AFB-9055-2AD0F2C68398}.Debug|Any CPU.ActiveCfg = Debug|Any CPU
		{9A585685-B62D-4AFB-9055-2AD0F2C68398}.Debug|Any CPU.Build.0 = Debug|Any CPU
		{9A585685-B62D-4AFB-9055-2AD0F2C68398}.Debug|x64.ActiveCfg = Debug|Any CPU
		{9A585685-B62D-4AFB-9055-2AD0F2C68398}.Debug|x64.Build.0 = Debug|Any CPU
		{9A585685-B62D-4AFB-9055-2AD0F2C68398}.Debug|x86.ActiveCfg = Debug|Any CPU
		{9A585685-B62D-4AFB-9055-2AD0F2C68398}.Debug|x86.Build.0 = Debug|Any CPU
		{9A585685-B62D-4AFB-9055-2AD0F2C68398}.Release|Any CPU.ActiveCfg = Release|Any CPU
		{9A585685-B62D-4AFB-9055-2AD0F2C68398}.Release|Any CPU.Build.0 = Release|Any CPU
		{9A585685-B62D-4AFB-9055-2AD0F2C68398}.Release|x64.ActiveCfg = Release|Any CPU
		{9A585685-B62D-4AFB-9055-2AD0F2C68398}.Release|x64.Build.0 = Release|Any CPU
		{9A585685-B62D-4AFB-9055-2AD0F2C68398}.Release|x86.ActiveCfg = Release|Any CPU
		{9A585685-B62D-4AFB-9055-2AD0F2C68398}.Release|x86.Build.0 = Release|Any CPU
	EndGlobalSection
	GlobalSection(SolutionProperties) = preSolution
		HideSolutionNode = FALSE
	EndGlobalSection
	GlobalSection(ExtensibilityGlobals) = postSolution
		SolutionGuid = {2E0A5D3D-A4C2-4243-9E94-C2BB72EF38EC}
	EndGlobalSection
EndGlobal
